Microsoft Visual Studio Solution File, Format Version 11.00
# Visual Studio 2010
Project("{8BC9CEB8-8B4A-11D0-8D11-00A0C91BC942}") = "Core", "Core\Core.vcxproj", "{CDBB87BC-8AF8-42DC-BF90-90A605EB661D}"
	ProjectSection(ProjectDependencies) = postProject
		{9B03552E-DA9B-48F8-886E-50623F1DC28A} = {9B03552E-DA9B-48F8-886E-50623F1DC28A}
		{08EF88BD-AFBD-4DD8-8F84-73BBBFC2FB61} = {08EF88BD-AFBD-4DD8-8F84-73BBBFC2FB61}
		{B32D68CA-317D-45C1-8E5C-688645987559} = {B32D68CA-317D-45C1-8E5C-688645987559}
		{FA4A68E1-EEC5-4823-BE52-E0AD499A0CBA} = {FA4A68E1-EEC5-4823-BE52-E0AD499A0CBA}
		{66A7B4F2-862D-4366-B4AD-63B8C02B2A26} = {66A7B4F2-862D-4366-B4AD-63B8C02B2A26}
		{4172D7F6-1340-404F-BE53-742713335561} = {4172D7F6-1340-404F-BE53-742713335561}
	EndProjectSection
EndProject
Project("{8BC9CEB8-8B4A-11D0-8D11-00A0C91BC942}") = "Common3D", "BION\Common3D\Common3D.vcxproj", "{607704CF-423F-42F6-A854-87881CF7446C}"
	ProjectSection(ProjectDependencies) = postProject
		{08EF88BD-AFBD-4DD8-8F84-73BBBFC2FB61} = {08EF88BD-AFBD-4DD8-8F84-73BBBFC2FB61}
		{B32D68CA-317D-45C1-8E5C-688645987559} = {B32D68CA-317D-45C1-8E5C-688645987559}
		{FA4A68E1-EEC5-4823-BE52-E0AD499A0CBA} = {FA4A68E1-EEC5-4823-BE52-E0AD499A0CBA}
		{66A7B4F2-862D-4366-B4AD-63B8C02B2A26} = {66A7B4F2-862D-4366-B4AD-63B8C02B2A26}
		{4172D7F6-1340-404F-BE53-742713335561} = {4172D7F6-1340-404F-BE53-742713335561}
	EndProjectSection
EndProject
Project("{8BC9CEB8-8B4A-11D0-8D11-00A0C91BC942}") = "Log", "BION\Log\Log.vcxproj", "{59023BAE-7B87-4FCF-9B8D-BB7D4B3ABA56}"
	ProjectSection(ProjectDependencies) = postProject
		{B32D68CA-317D-45C1-8E5C-688645987559} = {B32D68CA-317D-45C1-8E5C-688645987559}
	EndProjectSection
EndProject
Project("{8BC9CEB8-8B4A-11D0-8D11-00A0C91BC942}") = "Math", "BION\Math\Math.vcxproj", "{4F80E317-039F-4F48-AA45-2F83B7BAACF8}"
	ProjectSection(ProjectDependencies) = postProject
		{B32D68CA-317D-45C1-8E5C-688645987559} = {B32D68CA-317D-45C1-8E5C-688645987559}
	EndProjectSection
EndProject
Project("{8BC9CEB8-8B4A-11D0-8D11-00A0C91BC942}") = "NetWorkLib", "BION\NetWorkLib\NetWorkLib.vcxproj", "{FF86DD2F-1069-4B36-BE2D-087C0B0214E9}"
EndProject
Project("{8BC9CEB8-8B4A-11D0-8D11-00A0C91BC942}") = "OEK", "OEK\OEK.vcxproj", "{9AB7BE5E-42BB-447B-A08D-E283D6A8B311}"
	ProjectSection(ProjectDependencies) = postProject
		{08EF88BD-AFBD-4DD8-8F84-73BBBFC2FB61} = {08EF88BD-AFBD-4DD8-8F84-73BBBFC2FB61}
		{B32D68CA-317D-45C1-8E5C-688645987559} = {B32D68CA-317D-45C1-8E5C-688645987559}
		{FA4A68E1-EEC5-4823-BE52-E0AD499A0CBA} = {FA4A68E1-EEC5-4823-BE52-E0AD499A0CBA}
	EndProjectSection
EndProject
Project("{8BC9CEB8-8B4A-11D0-8D11-00A0C91BC942}") = "ExpWord", "BION\ExpWord\ExpWord.vcxproj", "{08EF88BD-AFBD-4DD8-8F84-73BBBFC2FB61}"
	ProjectSection(ProjectDependencies) = postProject
		{B32D68CA-317D-45C1-8E5C-688645987559} = {B32D68CA-317D-45C1-8E5C-688645987559}
	EndProjectSection
EndProject
Project("{8BC9CEB8-8B4A-11D0-8D11-00A0C91BC942}") = "Config", "BION\Config\Config.vcxproj", "{B32D68CA-317D-45C1-8E5C-688645987559}"
EndProject
Project("{8BC9CEB8-8B4A-11D0-8D11-00A0C91BC942}") = "Common", "BION\Common\Common.vcxproj", "{FA4A68E1-EEC5-4823-BE52-E0AD499A0CBA}"
	ProjectSection(ProjectDependencies) = postProject
		{B32D68CA-317D-45C1-8E5C-688645987559} = {B32D68CA-317D-45C1-8E5C-688645987559}
	EndProjectSection
EndProject
Project("{8BC9CEB8-8B4A-11D0-8D11-00A0C91BC942}") = "NaviBase", "BION\NaviBase\NaviBase.vcxproj", "{66A7B4F2-862D-4366-B4AD-63B8C02B2A26}"
EndProject
Project("{8BC9CEB8-8B4A-11D0-8D11-00A0C91BC942}") = "NaviGraph", "BION\NaviGraph\NaviGraph.vcxproj", "{4172D7F6-1340-404F-BE53-742713335561}"
EndProject
Project("{8BC9CEB8-8B4A-11D0-8D11-00A0C91BC942}") = "LoaderPZ", "LoaderPZ\LoaderPZ.vcxproj", "{9B03552E-DA9B-48F8-886E-50623F1DC28A}"
	ProjectSection(ProjectDependencies) = postProject
		{4F80E317-039F-4F48-AA45-2F83B7BAACF8} = {4F80E317-039F-4F48-AA45-2F83B7BAACF8}
		{FF86DD2F-1069-4B36-BE2D-087C0B0214E9} = {FF86DD2F-1069-4B36-BE2D-087C0B0214E9}
		{B32D68CA-317D-45C1-8E5C-688645987559} = {B32D68CA-317D-45C1-8E5C-688645987559}
		{607704CF-423F-42F6-A854-87881CF7446C} = {607704CF-423F-42F6-A854-87881CF7446C}
		{FA4A68E1-EEC5-4823-BE52-E0AD499A0CBA} = {FA4A68E1-EEC5-4823-BE52-E0AD499A0CBA}
		{66A7B4F2-862D-4366-B4AD-63B8C02B2A26} = {66A7B4F2-862D-4366-B4AD-63B8C02B2A26}
		{4172D7F6-1340-404F-BE53-742713335561} = {4172D7F6-1340-404F-BE53-742713335561}
	EndProjectSection
EndProject
Project("{8BC9CEB8-8B4A-11D0-8D11-00A0C91BC942}") = "FCO", "FCO\FCO.vcxproj", "{248FABCB-FC83-4496-BA8E-2B090F75079F}"
EndProject
Project("{8BC9CEB8-8B4A-11D0-8D11-00A0C91BC942}") = "MotionPathReader", "MotionPathReader\MotionPathReader.vcxproj", "{DF50FEDE-D983-4984-86BA-5669D7F0D103}"
EndProject
Project("{8BC9CEB8-8B4A-11D0-8D11-00A0C91BC942}") = "Telemetry", "Telemetry\Telemetry.vcxproj", "{A156E9D4-5E81-4936-A8A5-2FF1103236B1}"
	ProjectSection(ProjectDependencies) = postProject
		{FF86DD2F-1069-4B36-BE2D-087C0B0214E9} = {FF86DD2F-1069-4B36-BE2D-087C0B0214E9}
		{B32D68CA-317D-45C1-8E5C-688645987559} = {B32D68CA-317D-45C1-8E5C-688645987559}
		{607704CF-423F-42F6-A854-87881CF7446C} = {607704CF-423F-42F6-A854-87881CF7446C}
		{FA4A68E1-EEC5-4823-BE52-E0AD499A0CBA} = {FA4A68E1-EEC5-4823-BE52-E0AD499A0CBA}
		{66A7B4F2-862D-4366-B4AD-63B8C02B2A26} = {66A7B4F2-862D-4366-B4AD-63B8C02B2A26}
		{4172D7F6-1340-404F-BE53-742713335561} = {4172D7F6-1340-404F-BE53-742713335561}
	EndProjectSection
EndProject
Project("{8BC9CEB8-8B4A-11D0-8D11-00A0C91BC942}") = "CCNModule", "CCNModule\CCNModule.vcxproj", "{F78563AD-36A5-4B5E-BA74-750B79784784}"
	ProjectSection(ProjectDependencies) = postProject
		{B32D68CA-317D-45C1-8E5C-688645987559} = {B32D68CA-317D-45C1-8E5C-688645987559}
		{248FABCB-FC83-4496-BA8E-2B090F75079F} = {248FABCB-FC83-4496-BA8E-2B090F75079F}
		{607704CF-423F-42F6-A854-87881CF7446C} = {607704CF-423F-42F6-A854-87881CF7446C}
		{FA4A68E1-EEC5-4823-BE52-E0AD499A0CBA} = {FA4A68E1-EEC5-4823-BE52-E0AD499A0CBA}
		{66A7B4F2-862D-4366-B4AD-63B8C02B2A26} = {66A7B4F2-862D-4366-B4AD-63B8C02B2A26}
		{4172D7F6-1340-404F-BE53-742713335561} = {4172D7F6-1340-404F-BE53-742713335561}
	EndProjectSection
EndProject
Project("{8BC9CEB8-8B4A-11D0-8D11-00A0C91BC942}") = "TEST", "TEST\TEST.vcxproj", "{284513D8-E3B5-4DF8-A163-4895A0B46F1A}"
	ProjectSection(ProjectDependencies) = postProject
		{B32D68CA-317D-45C1-8E5C-688645987559} = {B32D68CA-317D-45C1-8E5C-688645987559}
		{FA4A68E1-EEC5-4823-BE52-E0AD499A0CBA} = {FA4A68E1-EEC5-4823-BE52-E0AD499A0CBA}
		{66A7B4F2-862D-4366-B4AD-63B8C02B2A26} = {66A7B4F2-862D-4366-B4AD-63B8C02B2A26}
		{4172D7F6-1340-404F-BE53-742713335561} = {4172D7F6-1340-404F-BE53-742713335561}
	EndProjectSection
EndProject
Project("{8BC9CEB8-8B4A-11D0-8D11-00A0C91BC942}") = "OES", "OES\OES.vcxproj", "{71AE8B87-4C85-498F-822F-C58BD48D257A}"
	ProjectSection(ProjectDependencies) = postProject
		{B32D68CA-317D-45C1-8E5C-688645987559} = {B32D68CA-317D-45C1-8E5C-688645987559}
		{FA4A68E1-EEC5-4823-BE52-E0AD499A0CBA} = {FA4A68E1-EEC5-4823-BE52-E0AD499A0CBA}
		{66A7B4F2-862D-4366-B4AD-63B8C02B2A26} = {66A7B4F2-862D-4366-B4AD-63B8C02B2A26}
		{4172D7F6-1340-404F-BE53-742713335561} = {4172D7F6-1340-404F-BE53-742713335561}
	EndProjectSection
EndProject
Global
	GlobalSection(SolutionConfigurationPlatforms) = preSolution
		Debug|Itanium = Debug|Itanium
		Debug|Win32 = Debug|Win32
		Debug|x64 = Debug|x64
		Release|Itanium = Release|Itanium
		Release|Win32 = Release|Win32
		Release|x64 = Release|x64
		Template|Itanium = Template|Itanium
		Template|Win32 = Template|Win32
		Template|x64 = Template|x64
	EndGlobalSection
	GlobalSection(ProjectConfigurationPlatforms) = postSolution
		{CDBB87BC-8AF8-42DC-BF90-90A605EB661D}.Debug|Itanium.ActiveCfg = Debug|Win32
		{CDBB87BC-8AF8-42DC-BF90-90A605EB661D}.Debug|Itanium.Build.0 = Debug|Win32
		{CDBB87BC-8AF8-42DC-BF90-90A605EB661D}.Debug|Win32.ActiveCfg = Debug|Win32
		{CDBB87BC-8AF8-42DC-BF90-90A605EB661D}.Debug|Win32.Build.0 = Debug|Win32
		{CDBB87BC-8AF8-42DC-BF90-90A605EB661D}.Debug|x64.ActiveCfg = Debug|Win32
		{CDBB87BC-8AF8-42DC-BF90-90A605EB661D}.Debug|x64.Build.0 = Debug|Win32
		{CDBB87BC-8AF8-42DC-BF90-90A605EB661D}.Release|Itanium.ActiveCfg = Template|Win32
		{CDBB87BC-8AF8-42DC-BF90-90A605EB661D}.Release|Win32.ActiveCfg = Release|Win32
		{CDBB87BC-8AF8-42DC-BF90-90A605EB661D}.Release|Win32.Build.0 = Release|Win32
		{CDBB87BC-8AF8-42DC-BF90-90A605EB661D}.Release|x64.ActiveCfg = Release|Win32
		{CDBB87BC-8AF8-42DC-BF90-90A605EB661D}.Release|x64.Build.0 = Release|Win32
		{CDBB87BC-8AF8-42DC-BF90-90A605EB661D}.Template|Itanium.ActiveCfg = Template|Win32
		{CDBB87BC-8AF8-42DC-BF90-90A605EB661D}.Template|Win32.ActiveCfg = Template|Win32
		{CDBB87BC-8AF8-42DC-BF90-90A605EB661D}.Template|Win32.Build.0 = Template|Win32
		{CDBB87BC-8AF8-42DC-BF90-90A605EB661D}.Template|x64.ActiveCfg = Template|Win32
		{CDBB87BC-8AF8-42DC-BF90-90A605EB661D}.Template|x64.Build.0 = Template|Win32
		{607704CF-423F-42F6-A854-87881CF7446C}.Debug|Itanium.ActiveCfg = Debug|Win32
		{607704CF-423F-42F6-A854-87881CF7446C}.Debug|Itanium.Build.0 = Debug|Win32
		{607704CF-423F-42F6-A854-87881CF7446C}.Debug|Win32.ActiveCfg = Debug|Win32
		{607704CF-423F-42F6-A854-87881CF7446C}.Debug|Win32.Build.0 = Debug|Win32
		{607704CF-423F-42F6-A854-87881CF7446C}.Debug|x64.ActiveCfg = Debug|Win32
		{607704CF-423F-42F6-A854-87881CF7446C}.Debug|x64.Build.0 = Debug|Win32
		{607704CF-423F-42F6-A854-87881CF7446C}.Release|Itanium.ActiveCfg = Template|Win32
		{607704CF-423F-42F6-A854-87881CF7446C}.Release|Win32.ActiveCfg = Release|Win32
		{607704CF-423F-42F6-A854-87881CF7446C}.Release|Win32.Build.0 = Release|Win32
		{607704CF-423F-42F6-A854-87881CF7446C}.Release|x64.ActiveCfg = Release|Win32
		{607704CF-423F-42F6-A854-87881CF7446C}.Release|x64.Build.0 = Release|Win32
		{607704CF-423F-42F6-A854-87881CF7446C}.Template|Itanium.ActiveCfg = Template|Win32
		{607704CF-423F-42F6-A854-87881CF7446C}.Template|Win32.ActiveCfg = Template|Win32
		{607704CF-423F-42F6-A854-87881CF7446C}.Template|Win32.Build.0 = Template|Win32
		{607704CF-423F-42F6-A854-87881CF7446C}.Template|x64.ActiveCfg = Template|Win32
		{607704CF-423F-42F6-A854-87881CF7446C}.Template|x64.Build.0 = Template|Win32
		{59023BAE-7B87-4FCF-9B8D-BB7D4B3ABA56}.Debug|Itanium.ActiveCfg = Debug|Win32
		{59023BAE-7B87-4FCF-9B8D-BB7D4B3ABA56}.Debug|Itanium.Build.0 = Debug|Win32
		{59023BAE-7B87-4FCF-9B8D-BB7D4B3ABA56}.Debug|Win32.ActiveCfg = Debug|Win32
		{59023BAE-7B87-4FCF-9B8D-BB7D4B3ABA56}.Debug|Win32.Build.0 = Debug|Win32
		{59023BAE-7B87-4FCF-9B8D-BB7D4B3ABA56}.Debug|x64.ActiveCfg = Debug|Win32
		{59023BAE-7B87-4FCF-9B8D-BB7D4B3ABA56}.Debug|x64.Build.0 = Debug|Win32
		{59023BAE-7B87-4FCF-9B8D-BB7D4B3ABA56}.Release|Itanium.ActiveCfg = Release|Win32
		{59023BAE-7B87-4FCF-9B8D-BB7D4B3ABA56}.Release|Win32.ActiveCfg = Release|Win32
		{59023BAE-7B87-4FCF-9B8D-BB7D4B3ABA56}.Release|Win32.Build.0 = Release|Win32
		{59023BAE-7B87-4FCF-9B8D-BB7D4B3ABA56}.Release|x64.ActiveCfg = Release|Win32
		{59023BAE-7B87-4FCF-9B8D-BB7D4B3ABA56}.Release|x64.Build.0 = Release|Win32
		{59023BAE-7B87-4FCF-9B8D-BB7D4B3ABA56}.Template|Itanium.ActiveCfg = Release|Win32
		{59023BAE-7B87-4FCF-9B8D-BB7D4B3ABA56}.Template|Win32.ActiveCfg = Release|Win32
		{59023BAE-7B87-4FCF-9B8D-BB7D4B3ABA56}.Template|Win32.Build.0 = Release|Win32
		{59023BAE-7B87-4FCF-9B8D-BB7D4B3ABA56}.Template|x64.ActiveCfg = Release|Win32
		{59023BAE-7B87-4FCF-9B8D-BB7D4B3ABA56}.Template|x64.Build.0 = Release|Win32
		{4F80E317-039F-4F48-AA45-2F83B7BAACF8}.Debug|Itanium.ActiveCfg = Debug|Win32
		{4F80E317-039F-4F48-AA45-2F83B7BAACF8}.Debug|Itanium.Build.0 = Debug|Win32
		{4F80E317-039F-4F48-AA45-2F83B7BAACF8}.Debug|Win32.ActiveCfg = Debug|Win32
		{4F80E317-039F-4F48-AA45-2F83B7BAACF8}.Debug|Win32.Build.0 = Debug|Win32
		{4F80E317-039F-4F48-AA45-2F83B7BAACF8}.Debug|x64.ActiveCfg = Debug|Win32
		{4F80E317-039F-4F48-AA45-2F83B7BAACF8}.Debug|x64.Build.0 = Debug|Win32
		{4F80E317-039F-4F48-AA45-2F83B7BAACF8}.Release|Itanium.ActiveCfg = Release|Win32
		{4F80E317-039F-4F48-AA45-2F83B7BAACF8}.Release|Win32.ActiveCfg = Release|Win32
		{4F80E317-039F-4F48-AA45-2F83B7BAACF8}.Release|Win32.Build.0 = Release|Win32
		{4F80E317-039F-4F48-AA45-2F83B7BAACF8}.Release|x64.ActiveCfg = Release|Win32
		{4F80E317-039F-4F48-AA45-2F83B7BAACF8}.Release|x64.Build.0 = Release|Win32
		{4F80E317-039F-4F48-AA45-2F83B7BAACF8}.Template|Itanium.ActiveCfg = Release|Win32
		{4F80E317-039F-4F48-AA45-2F83B7BAACF8}.Template|Win32.ActiveCfg = Release|Win32
		{4F80E317-039F-4F48-AA45-2F83B7BAACF8}.Template|Win32.Build.0 = Release|Win32
		{4F80E317-039F-4F48-AA45-2F83B7BAACF8}.Template|x64.ActiveCfg = Release|Win32
		{4F80E317-039F-4F48-AA45-2F83B7BAACF8}.Template|x64.Build.0 = Release|Win32
		{FF86DD2F-1069-4B36-BE2D-087C0B0214E9}.Debug|Itanium.ActiveCfg = Debug|Win32
		{FF86DD2F-1069-4B36-BE2D-087C0B0214E9}.Debug|Itanium.Build.0 = Debug|Win32
		{FF86DD2F-1069-4B36-BE2D-087C0B0214E9}.Debug|Win32.ActiveCfg = Debug|Win32
		{FF86DD2F-1069-4B36-BE2D-087C0B0214E9}.Debug|Win32.Build.0 = Debug|Win32
		{FF86DD2F-1069-4B36-BE2D-087C0B0214E9}.Debug|x64.ActiveCfg = Debug|Win32
		{FF86DD2F-1069-4B36-BE2D-087C0B0214E9}.Debug|x64.Build.0 = Debug|Win32
		{FF86DD2F-1069-4B36-BE2D-087C0B0214E9}.Release|Itanium.ActiveCfg = Release|Win32
		{FF86DD2F-1069-4B36-BE2D-087C0B0214E9}.Release|Win32.ActiveCfg = Release|Win32
		{FF86DD2F-1069-4B36-BE2D-087C0B0214E9}.Release|Win32.Build.0 = Release|Win32
		{FF86DD2F-1069-4B36-BE2D-087C0B0214E9}.Release|x64.ActiveCfg = Release|Win32
		{FF86DD2F-1069-4B36-BE2D-087C0B0214E9}.Release|x64.Build.0 = Release|Win32
		{FF86DD2F-1069-4B36-BE2D-087C0B0214E9}.Template|Itanium.ActiveCfg = Release|Win32
		{FF86DD2F-1069-4B36-BE2D-087C0B0214E9}.Template|Win32.ActiveCfg = Release|Win32
		{FF86DD2F-1069-4B36-BE2D-087C0B0214E9}.Template|Win32.Build.0 = Release|Win32
		{FF86DD2F-1069-4B36-BE2D-087C0B0214E9}.Template|x64.ActiveCfg = Release|Win32
		{FF86DD2F-1069-4B36-BE2D-087C0B0214E9}.Template|x64.Build.0 = Release|Win32
		{9AB7BE5E-42BB-447B-A08D-E283D6A8B311}.Debug|Itanium.ActiveCfg = Debug|Win32
		{9AB7BE5E-42BB-447B-A08D-E283D6A8B311}.Debug|Itanium.Build.0 = Debug|Win32
		{9AB7BE5E-42BB-447B-A08D-E283D6A8B311}.Debug|Win32.ActiveCfg = Debug|Win32
		{9AB7BE5E-42BB-447B-A08D-E283D6A8B311}.Debug|Win32.Build.0 = Debug|Win32
		{9AB7BE5E-42BB-447B-A08D-E283D6A8B311}.Debug|x64.ActiveCfg = Debug|Win32
		{9AB7BE5E-42BB-447B-A08D-E283D6A8B311}.Debug|x64.Build.0 = Debug|Win32
		{9AB7BE5E-42BB-447B-A08D-E283D6A8B311}.Release|Itanium.ActiveCfg = Template|Win32
		{9AB7BE5E-42BB-447B-A08D-E283D6A8B311}.Release|Win32.ActiveCfg = Release|Win32
		{9AB7BE5E-42BB-447B-A08D-E283D6A8B311}.Release|Win32.Build.0 = Release|Win32
		{9AB7BE5E-42BB-447B-A08D-E283D6A8B311}.Release|x64.ActiveCfg = Release|Win32
		{9AB7BE5E-42BB-447B-A08D-E283D6A8B311}.Release|x64.Build.0 = Release|Win32
		{9AB7BE5E-42BB-447B-A08D-E283D6A8B311}.Template|Itanium.ActiveCfg = Template|Win32
		{9AB7BE5E-42BB-447B-A08D-E283D6A8B311}.Template|Win32.ActiveCfg = Template|Win32
		{9AB7BE5E-42BB-447B-A08D-E283D6A8B311}.Template|Win32.Build.0 = Template|Win32
		{9AB7BE5E-42BB-447B-A08D-E283D6A8B311}.Template|x64.ActiveCfg = Template|Win32
		{9AB7BE5E-42BB-447B-A08D-E283D6A8B311}.Template|x64.Build.0 = Template|Win32
		{08EF88BD-AFBD-4DD8-8F84-73BBBFC2FB61}.Debug|Itanium.ActiveCfg = Debug|Win32
		{08EF88BD-AFBD-4DD8-8F84-73BBBFC2FB61}.Debug|Win32.ActiveCfg = Debug|Win32
		{08EF88BD-AFBD-4DD8-8F84-73BBBFC2FB61}.Debug|Win32.Build.0 = Debug|Win32
		{08EF88BD-AFBD-4DD8-8F84-73BBBFC2FB61}.Debug|x64.ActiveCfg = Debug|Win32
		{08EF88BD-AFBD-4DD8-8F84-73BBBFC2FB61}.Debug|x64.Build.0 = Debug|Win32
		{08EF88BD-AFBD-4DD8-8F84-73BBBFC2FB61}.Release|Itanium.ActiveCfg = Release|Win32
		{08EF88BD-AFBD-4DD8-8F84-73BBBFC2FB61}.Release|Win32.ActiveCfg = Release|Win32
		{08EF88BD-AFBD-4DD8-8F84-73BBBFC2FB61}.Release|Win32.Build.0 = Release|Win32
		{08EF88BD-AFBD-4DD8-8F84-73BBBFC2FB61}.Release|x64.ActiveCfg = Release|Win32
		{08EF88BD-AFBD-4DD8-8F84-73BBBFC2FB61}.Release|x64.Build.0 = Release|Win32
		{08EF88BD-AFBD-4DD8-8F84-73BBBFC2FB61}.Template|Itanium.ActiveCfg = Release|Win32
		{08EF88BD-AFBD-4DD8-8F84-73BBBFC2FB61}.Template|Win32.ActiveCfg = Release|Win32
		{08EF88BD-AFBD-4DD8-8F84-73BBBFC2FB61}.Template|Win32.Build.0 = Release|Win32
		{08EF88BD-AFBD-4DD8-8F84-73BBBFC2FB61}.Template|x64.ActiveCfg = Release|Win32
		{08EF88BD-AFBD-4DD8-8F84-73BBBFC2FB61}.Template|x64.Build.0 = Release|Win32
		{B32D68CA-317D-45C1-8E5C-688645987559}.Debug|Itanium.ActiveCfg = Debug|Win32
		{B32D68CA-317D-45C1-8E5C-688645987559}.Debug|Win32.ActiveCfg = Debug|Win32
		{B32D68CA-317D-45C1-8E5C-688645987559}.Debug|Win32.Build.0 = Debug|Win32
		{B32D68CA-317D-45C1-8E5C-688645987559}.Debug|x64.ActiveCfg = Debug|Win32
		{B32D68CA-317D-45C1-8E5C-688645987559}.Debug|x64.Build.0 = Debug|Win32
		{B32D68CA-317D-45C1-8E5C-688645987559}.Release|Itanium.ActiveCfg = Release|Win32
		{B32D68CA-317D-45C1-8E5C-688645987559}.Release|Win32.ActiveCfg = Release|Win32
		{B32D68CA-317D-45C1-8E5C-688645987559}.Release|Win32.Build.0 = Release|Win32
		{B32D68CA-317D-45C1-8E5C-688645987559}.Release|x64.ActiveCfg = Release|Win32
		{B32D68CA-317D-45C1-8E5C-688645987559}.Release|x64.Build.0 = Release|Win32
		{B32D68CA-317D-45C1-8E5C-688645987559}.Template|Itanium.ActiveCfg = Release|Win32
		{B32D68CA-317D-45C1-8E5C-688645987559}.Template|Win32.ActiveCfg = Release|Win32
		{B32D68CA-317D-45C1-8E5C-688645987559}.Template|Win32.Build.0 = Release|Win32
		{B32D68CA-317D-45C1-8E5C-688645987559}.Template|x64.ActiveCfg = Release|Win32
		{B32D68CA-317D-45C1-8E5C-688645987559}.Template|x64.Build.0 = Release|Win32
		{FA4A68E1-EEC5-4823-BE52-E0AD499A0CBA}.Debug|Itanium.ActiveCfg = Debug|Win32
		{FA4A68E1-EEC5-4823-BE52-E0AD499A0CBA}.Debug|Win32.ActiveCfg = Debug|Win32
		{FA4A68E1-EEC5-4823-BE52-E0AD499A0CBA}.Debug|Win32.Build.0 = Debug|Win32
		{FA4A68E1-EEC5-4823-BE52-E0AD499A0CBA}.Debug|x64.ActiveCfg = Debug|Win32
		{FA4A68E1-EEC5-4823-BE52-E0AD499A0CBA}.Release|Itanium.ActiveCfg = Release|Win32
		{FA4A68E1-EEC5-4823-BE52-E0AD499A0CBA}.Release|Win32.ActiveCfg = Release|Win32
		{FA4A68E1-EEC5-4823-BE52-E0AD499A0CBA}.Release|Win32.Build.0 = Release|Win32
		{FA4A68E1-EEC5-4823-BE52-E0AD499A0CBA}.Release|x64.ActiveCfg = Release|Win32
		{FA4A68E1-EEC5-4823-BE52-E0AD499A0CBA}.Template|Itanium.ActiveCfg = Template|Win32
		{FA4A68E1-EEC5-4823-BE52-E0AD499A0CBA}.Template|Win32.ActiveCfg = Template|Win32
		{FA4A68E1-EEC5-4823-BE52-E0AD499A0CBA}.Template|Win32.Build.0 = Template|Win32
		{FA4A68E1-EEC5-4823-BE52-E0AD499A0CBA}.Template|x64.ActiveCfg = Template|Win32
		{66A7B4F2-862D-4366-B4AD-63B8C02B2A26}.Debug|Itanium.ActiveCfg = Debug|Win32
		{66A7B4F2-862D-4366-B4AD-63B8C02B2A26}.Debug|Win32.ActiveCfg = Debug|Win32
		{66A7B4F2-862D-4366-B4AD-63B8C02B2A26}.Debug|Win32.Build.0 = Debug|Win32
		{66A7B4F2-862D-4366-B4AD-63B8C02B2A26}.Debug|x64.ActiveCfg = Debug|Win32
		{66A7B4F2-862D-4366-B4AD-63B8C02B2A26}.Release|Itanium.ActiveCfg = Release|Win32
		{66A7B4F2-862D-4366-B4AD-63B8C02B2A26}.Release|Win32.ActiveCfg = Release|Win32
		{66A7B4F2-862D-4366-B4AD-63B8C02B2A26}.Release|Win32.Build.0 = Release|Win32
		{66A7B4F2-862D-4366-B4AD-63B8C02B2A26}.Release|x64.ActiveCfg = Release|Win32
		{66A7B4F2-862D-4366-B4AD-63B8C02B2A26}.Template|Itanium.ActiveCfg = Release|Win32
		{66A7B4F2-862D-4366-B4AD-63B8C02B2A26}.Template|Win32.ActiveCfg = Release|Win32
		{66A7B4F2-862D-4366-B4AD-63B8C02B2A26}.Template|Win32.Build.0 = Release|Win32
		{66A7B4F2-862D-4366-B4AD-63B8C02B2A26}.Template|x64.ActiveCfg = Release|Win32
		{4172D7F6-1340-404F-BE53-742713335561}.Debug|Itanium.ActiveCfg = Debug|Win32
		{4172D7F6-1340-404F-BE53-742713335561}.Debug|Win32.ActiveCfg = Debug|Win32
		{4172D7F6-1340-404F-BE53-742713335561}.Debug|Win32.Build.0 = Debug|Win32
		{4172D7F6-1340-404F-BE53-742713335561}.Debug|x64.ActiveCfg = Debug|Win32
		{4172D7F6-1340-404F-BE53-742713335561}.Release|Itanium.ActiveCfg = Release|Win32
		{4172D7F6-1340-404F-BE53-742713335561}.Release|Win32.ActiveCfg = Release|Win32
		{4172D7F6-1340-404F-BE53-742713335561}.Release|Win32.Build.0 = Release|Win32
		{4172D7F6-1340-404F-BE53-742713335561}.Release|x64.ActiveCfg = Release|Win32
		{4172D7F6-1340-404F-BE53-742713335561}.Template|Itanium.ActiveCfg = Template|Win32
		{4172D7F6-1340-404F-BE53-742713335561}.Template|Win32.ActiveCfg = Template|Win32
		{4172D7F6-1340-404F-BE53-742713335561}.Template|Win32.Build.0 = Template|Win32
		{4172D7F6-1340-404F-BE53-742713335561}.Template|x64.ActiveCfg = Template|Win32
		{9B03552E-DA9B-48F8-886E-50623F1DC28A}.Debug|Itanium.ActiveCfg = Debug|Win32
		{9B03552E-DA9B-48F8-886E-50623F1DC28A}.Debug|Win32.ActiveCfg = Debug|Win32
		{9B03552E-DA9B-48F8-886E-50623F1DC28A}.Debug|Win32.Build.0 = Debug|Win32
		{9B03552E-DA9B-48F8-886E-50623F1DC28A}.Debug|x64.ActiveCfg = Debug|Win32
		{9B03552E-DA9B-48F8-886E-50623F1DC28A}.Release|Itanium.ActiveCfg = Release|Win32
		{9B03552E-DA9B-48F8-886E-50623F1DC28A}.Release|Win32.ActiveCfg = Release|Win32
		{9B03552E-DA9B-48F8-886E-50623F1DC28A}.Release|Win32.Build.0 = Release|Win32
		{9B03552E-DA9B-48F8-886E-50623F1DC28A}.Release|x64.ActiveCfg = Release|Win32
		{9B03552E-DA9B-48F8-886E-50623F1DC28A}.Template|Itanium.ActiveCfg = Release|Win32
		{9B03552E-DA9B-48F8-886E-50623F1DC28A}.Template|Win32.ActiveCfg = Release|Win32
		{9B03552E-DA9B-48F8-886E-50623F1DC28A}.Template|Win32.Build.0 = Release|Win32
		{9B03552E-DA9B-48F8-886E-50623F1DC28A}.Template|x64.ActiveCfg = Release|Win32
		{248FABCB-FC83-4496-BA8E-2B090F75079F}.Debug|Itanium.ActiveCfg = Debug|Win32
		{248FABCB-FC83-4496-BA8E-2B090F75079F}.Debug|Win32.ActiveCfg = Debug|Win32
		{248FABCB-FC83-4496-BA8E-2B090F75079F}.Debug|Win32.Build.0 = Debug|Win32
		{248FABCB-FC83-4496-BA8E-2B090F75079F}.Debug|x64.ActiveCfg = Debug|Win32
		{248FABCB-FC83-4496-BA8E-2B090F75079F}.Release|Itanium.ActiveCfg = Release|Win32
		{248FABCB-FC83-4496-BA8E-2B090F75079F}.Release|Win32.ActiveCfg = Release|Win32
		{248FABCB-FC83-4496-BA8E-2B090F75079F}.Release|Win32.Build.0 = Release|Win32
		{248FABCB-FC83-4496-BA8E-2B090F75079F}.Release|x64.ActiveCfg = Release|Win32
		{248FABCB-FC83-4496-BA8E-2B090F75079F}.Template|Itanium.ActiveCfg = Template|Win32
		{248FABCB-FC83-4496-BA8E-2B090F75079F}.Template|Win32.ActiveCfg = Template|Win32
		{248FABCB-FC83-4496-BA8E-2B090F75079F}.Template|Win32.Build.0 = Template|Win32
		{248FABCB-FC83-4496-BA8E-2B090F75079F}.Template|x64.ActiveCfg = Template|Win32
		{DF50FEDE-D983-4984-86BA-5669D7F0D103}.Debug|Itanium.ActiveCfg = Debug|Win32
		{DF50FEDE-D983-4984-86BA-5669D7F0D103}.Debug|Win32.ActiveCfg = Debug|Win32
		{DF50FEDE-D983-4984-86BA-5669D7F0D103}.Debug|Win32.Build.0 = Debug|Win32
		{DF50FEDE-D983-4984-86BA-5669D7F0D103}.Debug|x64.ActiveCfg = Debug|Win32
		{DF50FEDE-D983-4984-86BA-5669D7F0D103}.Release|Itanium.ActiveCfg = Release|Win32
		{DF50FEDE-D983-4984-86BA-5669D7F0D103}.Release|Win32.ActiveCfg = Release|Win32
		{DF50FEDE-D983-4984-86BA-5669D7F0D103}.Release|Win32.Build.0 = Release|Win32
		{DF50FEDE-D983-4984-86BA-5669D7F0D103}.Release|x64.ActiveCfg = Release|Win32
		{DF50FEDE-D983-4984-86BA-5669D7F0D103}.Template|Itanium.ActiveCfg = Template|Win32
		{DF50FEDE-D983-4984-86BA-5669D7F0D103}.Template|Win32.ActiveCfg = Template|Win32
		{DF50FEDE-D983-4984-86BA-5669D7F0D103}.Template|Win32.Build.0 = Template|Win32
		{DF50FEDE-D983-4984-86BA-5669D7F0D103}.Template|x64.ActiveCfg = Template|Win32
		{A156E9D4-5E81-4936-A8A5-2FF1103236B1}.Debug|Itanium.ActiveCfg = Debug|Win32
		{A156E9D4-5E81-4936-A8A5-2FF1103236B1}.Debug|Win32.ActiveCfg = Debug|Win32
		{A156E9D4-5E81-4936-A8A5-2FF1103236B1}.Debug|Win32.Build.0 = Debug|Win32
		{A156E9D4-5E81-4936-A8A5-2FF1103236B1}.Debug|x64.ActiveCfg = Debug|Win32
		{A156E9D4-5E81-4936-A8A5-2FF1103236B1}.Release|Itanium.ActiveCfg = Release|Win32
		{A156E9D4-5E81-4936-A8A5-2FF1103236B1}.Release|Win32.ActiveCfg = Release|Win32
		{A156E9D4-5E81-4936-A8A5-2FF1103236B1}.Release|Win32.Build.0 = Release|Win32
		{A156E9D4-5E81-4936-A8A5-2FF1103236B1}.Release|x64.ActiveCfg = Release|Win32
		{A156E9D4-5E81-4936-A8A5-2FF1103236B1}.Template|Itanium.ActiveCfg = Template|Win32
		{A156E9D4-5E81-4936-A8A5-2FF1103236B1}.Template|Win32.ActiveCfg = Template|Win32
		{A156E9D4-5E81-4936-A8A5-2FF1103236B1}.Template|Win32.Build.0 = Template|Win32
		{A156E9D4-5E81-4936-A8A5-2FF1103236B1}.Template|x64.ActiveCfg = Template|Win32
		{F78563AD-36A5-4B5E-BA74-750B79784784}.Debug|Itanium.ActiveCfg = Debug|Itanium
		{F78563AD-36A5-4B5E-BA74-750B79784784}.Debug|Itanium.Build.0 = Debug|Itanium
		{F78563AD-36A5-4B5E-BA74-750B79784784}.Debug|Win32.ActiveCfg = Debug|Win32
		{F78563AD-36A5-4B5E-BA74-750B79784784}.Debug|Win32.Build.0 = Debug|Win32
		{F78563AD-36A5-4B5E-BA74-750B79784784}.Debug|x64.ActiveCfg = Debug|x64
		{F78563AD-36A5-4B5E-BA74-750B79784784}.Debug|x64.Build.0 = Debug|x64
		{F78563AD-36A5-4B5E-BA74-750B79784784}.Release|Itanium.ActiveCfg = Release|Itanium
		{F78563AD-36A5-4B5E-BA74-750B79784784}.Release|Itanium.Build.0 = Release|Itanium
		{F78563AD-36A5-4B5E-BA74-750B79784784}.Release|Win32.ActiveCfg = Release|Win32
		{F78563AD-36A5-4B5E-BA74-750B79784784}.Release|Win32.Build.0 = Release|Win32
		{F78563AD-36A5-4B5E-BA74-750B79784784}.Release|x64.ActiveCfg = Release|x64
		{F78563AD-36A5-4B5E-BA74-750B79784784}.Release|x64.Build.0 = Release|x64
		{F78563AD-36A5-4B5E-BA74-750B79784784}.Template|Itanium.ActiveCfg = Template|Itanium
		{F78563AD-36A5-4B5E-BA74-750B79784784}.Template|Itanium.Build.0 = Template|Itanium
		{F78563AD-36A5-4B5E-BA74-750B79784784}.Template|Win32.ActiveCfg = Template|Win32
		{F78563AD-36A5-4B5E-BA74-750B79784784}.Template|Win32.Build.0 = Template|Win32
		{F78563AD-36A5-4B5E-BA74-750B79784784}.Template|x64.ActiveCfg = Template|x64
		{F78563AD-36A5-4B5E-BA74-750B79784784}.Template|x64.Build.0 = Template|x64
		{284513D8-E3B5-4DF8-A163-4895A0B46F1A}.Debug|Itanium.ActiveCfg = Debug|Win32
		{284513D8-E3B5-4DF8-A163-4895A0B46F1A}.Debug|Win32.ActiveCfg = Debug|Win32
		{284513D8-E3B5-4DF8-A163-4895A0B46F1A}.Debug|Win32.Build.0 = Debug|Win32
		{284513D8-E3B5-4DF8-A163-4895A0B46F1A}.Debug|x64.ActiveCfg = Debug|Win32
		{284513D8-E3B5-4DF8-A163-4895A0B46F1A}.Release|Itanium.ActiveCfg = Release|Win32
		{284513D8-E3B5-4DF8-A163-4895A0B46F1A}.Release|Win32.ActiveCfg = Release|Win32
		{284513D8-E3B5-4DF8-A163-4895A0B46F1A}.Release|Win32.Build.0 = Release|Win32
		{284513D8-E3B5-4DF8-A163-4895A0B46F1A}.Release|x64.ActiveCfg = Release|Win32
		{284513D8-E3B5-4DF8-A163-4895A0B46F1A}.Template|Itanium.ActiveCfg = Template|Win32
		{284513D8-E3B5-4DF8-A163-4895A0B46F1A}.Template|Win32.ActiveCfg = Template|Win32
		{284513D8-E3B5-4DF8-A163-4895A0B46F1A}.Template|Win32.Build.0 = Template|Win32
		{284513D8-E3B5-4DF8-A163-4895A0B46F1A}.Template|x64.ActiveCfg = Template|Win32
		{71AE8B87-4C85-498F-822F-C58BD48D257A}.Debug|Itanium.ActiveCfg = Debug|Win32
		{71AE8B87-4C85-498F-822F-C58BD48D257A}.Debug|Win32.ActiveCfg = Debug|Win32
		{71AE8B87-4C85-498F-822F-C58BD48D257A}.Debug|Win32.Build.0 = Debug|Win32
		{71AE8B87-4C85-498F-822F-C58BD48D257A}.Debug|x64.ActiveCfg = Debug|Win32
		{71AE8B87-4C85-498F-822F-C58BD48D257A}.Release|Itanium.ActiveCfg = Release|Win32
		{71AE8B87-4C85-498F-822F-C58BD48D257A}.Release|Win32.ActiveCfg = Release|Win32
		{71AE8B87-4C85-498F-822F-C58BD48D257A}.Release|Win32.Build.0 = Release|Win32
		{71AE8B87-4C85-498F-822F-C58BD48D257A}.Release|x64.ActiveCfg = Release|Win32
		{71AE8B87-4C85-498F-822F-C58BD48D257A}.Template|Itanium.ActiveCfg = Release|Win32
		{71AE8B87-4C85-498F-822F-C58BD48D257A}.Template|Win32.ActiveCfg = Release|Win32
		{71AE8B87-4C85-498F-822F-C58BD48D257A}.Template|Win32.Build.0 = Release|Win32
		{71AE8B87-4C85-498F-822F-C58BD48D257A}.Template|x64.ActiveCfg = Release|Win32
	EndGlobalSection
	GlobalSection(SolutionProperties) = preSolution
		HideSolutionNode = FALSE
	EndGlobalSection
	GlobalSection(DPCodeReviewSolutionGUID) = preSolution
		DPCodeReviewSolutionGUID = {00000000-0000-0000-0000-000000000000}
	EndGlobalSection
EndGlobal
